
Microsoft Visual Studio Solution File, Format Version 12.00
# Visual Studio Version 17
VisualStudioVersion = 17.5.33424.131
MinimumVisualStudioVersion = 10.0.40219.1
Project("{9A19103F-16F7-4668-BE54-9A1E7A4F7556}") = "SpaceX.Api", "SpaceX.Api\SpaceX.Api.csproj", "{C522F809-E51C-4504-B940-B600D07DABF7}"
EndProject
Project("{FAE04EC0-301F-11D3-BF4B-00C04F79EFBC}") = "SpaceX.UnitTests", "..\SpaceX.UnitTests\SpaceX.UnitTests.csproj", "{9E599036-93A4-4CA0-9561-6F8CFEF2748B}"
EndProject
Global
	GlobalSection(SolutionConfigurationPlatforms) = preSolution
		Debug|Any CPU = Debug|Any CPU
		Release|Any CPU = Release|Any CPU
	EndGlobalSection
	GlobalSection(ProjectConfigurationPlatforms) = postSolution
		{C522F809-E51C-4504-B940-B600D07DABF7}.Debug|Any CPU.ActiveCfg = Debug|Any CPU
		{C522F809-E51C-4504-B940-B600D07DABF7}.Debug|Any CPU.Build.0 = Debug|Any CPU
		{C522F809-E51C-4504-B940-B600D07DABF7}.Release|Any CPU.ActiveCfg = Release|Any CPU
		{C522F809-E51C-4504-B940-B600D07DABF7}.Release|Any CPU.Build.0 = Release|Any CPU
		{9E599036-93A4-4CA0-9561-6F8CFEF2748B}.Debug|Any CPU.ActiveCfg = Debug|Any CPU
		{9E599036-93A4-4CA0-9561-6F8CFEF2748B}.Debug|Any CPU.Build.0 = Debug|Any CPU
		{9E599036-93A4-4CA0-9561-6F8CFEF2748B}.Release|Any CPU.ActiveCfg = Release|Any CPU
		{9E599036-93A4-4CA0-9561-6F8CFEF2748B}.Release|Any CPU.Build.0 = Release|Any CPU
	EndGlobalSection
	GlobalSection(SolutionProperties) = preSolution
		HideSolutionNode = FALSE
	EndGlobalSection
	GlobalSection(ExtensibilityGlobals) = postSolution
		SolutionGuid = {C194B134-CEBA-4DA8-9C8D-C285DFA0721D}
	EndGlobalSection
EndGlobal
